
Microsoft Visual Studio Solution File, Format Version 12.00
Project("{FAE04EC0-301F-11D3-BF4B-00C04F79EFBC}") = "events", "events\events.csproj", "{C619AD86-C354-47F0-8DBA-75A0C3A1CC00}"
EndProject
Project("{FAE04EC0-301F-11D3-BF4B-00C04F79EFBC}") = "events_2", "events_2\events_2.csproj", "{7EA555F5-6D15-447C-B5B6-62F01A401F8A}"
EndProject
Project("{FAE04EC0-301F-11D3-BF4B-00C04F79EFBC}") = "events_3", "events_3\events_3.csproj", "{E44E06B7-0C1A-41ED-8F9E-B0B4081994C0}"
EndProject
Global
	GlobalSection(SolutionConfigurationPlatforms) = preSolution
		Debug|Any CPU = Debug|Any CPU
		Release|Any CPU = Release|Any CPU
	EndGlobalSection
	GlobalSection(ProjectConfigurationPlatforms) = postSolution
		{C619AD86-C354-47F0-8DBA-75A0C3A1CC00}.Debug|Any CPU.ActiveCfg = Debug|Any CPU
		{C619AD86-C354-47F0-8DBA-75A0C3A1CC00}.Debug|Any CPU.Build.0 = Debug|Any CPU
		{C619AD86-C354-47F0-8DBA-75A0C3A1CC00}.Release|Any CPU.ActiveCfg = Release|Any CPU
		{C619AD86-C354-47F0-8DBA-75A0C3A1CC00}.Release|Any CPU.Build.0 = Release|Any CPU
		{7EA555F5-6D15-447C-B5B6-62F01A401F8A}.Debug|Any CPU.ActiveCfg = Debug|Any CPU
		{7EA555F5-6D15-447C-B5B6-62F01A401F8A}.Debug|Any CPU.Build.0 = Debug|Any CPU
		{7EA555F5-6D15-447C-B5B6-62F01A401F8A}.Release|Any CPU.ActiveCfg = Release|Any CPU
		{7EA555F5-6D15-447C-B5B6-62F01A401F8A}.Release|Any CPU.Build.0 = Release|Any CPU
		{E44E06B7-0C1A-41ED-8F9E-B0B4081994C0}.Debug|Any CPU.ActiveCfg = Debug|Any CPU
		{E44E06B7-0C1A-41ED-8F9E-B0B4081994C0}.Debug|Any CPU.Build.0 = Debug|Any CPU
		{E44E06B7-0C1A-41ED-8F9E-B0B4081994C0}.Release|Any CPU.ActiveCfg = Release|Any CPU
		{E44E06B7-0C1A-41ED-8F9E-B0B4081994C0}.Release|Any CPU.Build.0 = Release|Any CPU
	EndGlobalSection
EndGlobal
